Microsoft Visual Studio Solution File, Format Version 12.00
# Visual Studio Version 17
VisualStudioVersion = 17.5.2.0
MinimumVisualStudioVersion = 10.0.40219.1
Project("{FAE04EC0-301F-11D3-BF4B-00C04F79EFBC}") = "Adventure Game Try 1", "Adventure Game Try 1.csproj", "{6EB44403-A50D-7A2C-1C88-8742C391E067}"
EndProject
Global
	GlobalSection(SolutionConfigurationPlatforms) = preSolution
		Debug|Any CPU = Debug|Any CPU
		Release|Any CPU = Release|Any CPU
	EndGlobalSection
	GlobalSection(ProjectConfigurationPlatforms) = postSolution
		{6EB44403-A50D-7A2C-1C88-8742C391E067}.Debug|Any CPU.ActiveCfg = Debug|Any CPU
		{6EB44403-A50D-7A2C-1C88-8742C391E067}.Debug|Any CPU.Build.0 = Debug|Any CPU
		{6EB44403-A50D-7A2C-1C88-8742C391E067}.Release|Any CPU.ActiveCfg = Release|Any CPU
		{6EB44403-A50D-7A2C-1C88-8742C391E067}.Release|Any CPU.Build.0 = Release|Any CPU
	EndGlobalSection
	GlobalSection(SolutionProperties) = preSolution
		HideSolutionNode = FALSE
	EndGlobalSection
	GlobalSection(ExtensibilityGlobals) = postSolution
		SolutionGuid = {C949CC6F-E7FE-4FEB-B9A5-733D3780344E}
	EndGlobalSection
EndGlobal
